// !$*UTF8*$!
{
	archiveVersion = 1;
	classes = {
	};
	objectVersion = 56;
	objects = {

/* Begin PBXBuildFile section */
		76DBD5DD2B98FC3D00496A44 /* Practice_20240306App.swift in Sources */ = {isa = PBXBuildFile; fileRef = 76DBD5DC2B98FC3D00496A44 /* Practice_20240306App.swift */; };
		76DBD5DF2B98FC3D00496A44 /* ContentView.swift in Sources */ = {isa = PBXBuildFile; fileRef = 76DBD5DE2B98FC3D00496A44 /* ContentView.swift */; };
		76DBD5E12B98FC3F00496A44 /* Assets.xcassets in Resources */ = {isa = PBXBuildFile; fileRef = 76DBD5E02B98FC3F00496A44 /* Assets.xcassets */; };
		76DBD5E42B98FC3F00496A44 /* Preview Assets.xcassets in Resources */ = {isa = PBXBuildFile; fileRef = 76DBD5E32B98FC3F00496A44 /* Preview Assets.xcassets */; };
		76DBD5EE2B98FC4000496A44 /* Practice_20240306Tests.swift in Sources */ = {isa = PBXBuildFile; fileRef = 76DBD5ED2B98FC4000496A44 /* Practice_20240306Tests.swift */; };
		76DBD5F82B98FC4000496A44 /* Practice_20240306UITests.swift in Sources */ = {isa = PBXBuildFile; fileRef = 76DBD5F72B98FC4000496A44 /* Practice_20240306UITests.swift */; };
		76DBD5FA2B98FC4000496A44 /* Practice_20240306UITestsLaunchTests.swift in Sources */ = {isa = PBXBuildFile; fileRef = 76DBD5F92B98FC4000496A44 /* Practice_20240306UITestsLaunchTests.swift */; };
/* End PBXBuildFile section */

/* Begin PBXContainerItemProxy section */
		76DBD5EA2B98FC4000496A44 /* PBXContainerItemProxy */ = {
			isa = PBXContainerItemProxy;
			containerPortal = 76DBD5D12B98FC3D00496A44 /* Project object */;
			proxyType = 1;
			remoteGlobalIDString = 76DBD5D82B98FC3D00496A44;
			remoteInfo = Practice_20240306;
		};
		76DBD5F42B98FC4000496A44 /* PBXContainerItemProxy */ = {
			isa = PBXContainerItemProxy;
			containerPortal = 76DBD5D12B98FC3D00496A44 /* Project object */;
			proxyType = 1;
			remoteGlobalIDString = 76DBD5D82B98FC3D00496A44;
			remoteInfo = Practice_20240306;
		};
/* End PBXContainerItemProxy section */

/* Begin PBXFileReference section */
		76DBD5D92B98FC3D00496A44 /* Practice_20240306.app */ = {isa = PBXFileReference; explicitFileType = wrapper.application; includeInIndex = 0; path = Practice_20240306.app; sourceTree = BUILT_PRODUCTS_DIR; };
		76DBD5DC2B98FC3D00496A44 /* Practice_20240306App.swift */ = {isa = PBXFileReference; lastKnownFileType = sourcecode.swift; path = Practice_20240306App.swift; sourceTree = "<group>"; };
		76DBD5DE2B98FC3D00496A44 /* ContentView.swift */ = {isa = PBXFileReference; lastKnownFileType = sourcecode.swift; path = ContentView.swift; sourceTree = "<group>"; };
		76DBD5E02B98FC3F00496A44 /* Assets.xcassets */ = {isa = PBXFileReference; lastKnownFileType = folder.assetcatalog; path = Assets.xcassets; sourceTree = "<group>"; };
		76DBD5E32B98FC3F00496A44 /* Preview Assets.xcassets */ = {isa = PBXFileReference; lastKnownFileType = folder.assetcatalog; path = "Preview Assets.xcassets"; sourceTree = "<group>"; };
		76DBD5E92B98FC4000496A44 /* Practice_20240306Tests.xctest */ = {isa = PBXFileReference; explicitFileType = wrapper.cfbundle; includeInIndex = 0; path = Practice_20240306Tests.xctest; sourceTree = BUILT_PRODUCTS_DIR; };
		76DBD5ED2B98FC4000496A44 /* Practice_20240306Tests.swift */ = {isa = PBXFileReference; lastKnownFileType = sourcecode.swift; path = Practice_20240306Tests.swift; sourceTree = "<group>"; };
		76DBD5F32B98FC4000496A44 /* Practice_20240306UITests.xctest */ = {isa = PBXFileReference; explicitFileType = wrapper.cfbundle; includeInIndex = 0; path = Practice_20240306UITests.xctest; sourceTree = BUILT_PRODUCTS_DIR; };
		76DBD5F72B98FC4000496A44 /* Practice_20240306UITests.swift */ = {isa = PBXFileReference; lastKnownFileType = sourcecode.swift; path = Practice_20240306UITests.swift; sourceTree = "<group>"; };
		76DBD5F92B98FC4000496A44 /* Practice_20240306UITestsLaunchTests.swift */ = {isa = PBXFileReference; lastKnownFileType = sourcecode.swift; path = Practice_20240306UITestsLaunchTests.swift; sourceTree = "<group>"; };
/* End PBXFileReference section */

/* Begin PBXFrameworksBuildPhase section */
		76DBD5D62B98FC3D00496A44 /* Frameworks */ = {
			isa = PBXFrameworksBuildPhase;
			buildActionMask = 2147483647;
			files = (
			);
			runOnlyForDeploymentPostprocessing = 0;
		};
		76DBD5E62B98FC4000496A44 /* Frameworks */ = {
			isa = PBXFrameworksBuildPhase;
			buildActionMask = 2147483647;
			files = (
			);
			runOnlyForDeploymentPostprocessing = 0;
		};
		76DBD5F02B98FC4000496A44 /* Frameworks */ = {
			isa = PBXFrameworksBuildPhase;
			buildActionMask = 2147483647;
			files = (
			);
			runOnlyForDeploymentPostprocessing = 0;
		};
/* End PBXFrameworksBuildPhase section */

/* Begin PBXGroup section */
		76DBD5D02B98FC3D00496A44 = {
			isa = PBXGroup;
			children = (
				76DBD5DB2B98FC3D00496A44 /* Practice_20240306 */,
				76DBD5EC2B98FC4000496A44 /* Practice_20240306Tests */,
				76DBD5F62B98FC4000496A44 /* Practice_20240306UITests */,
				76DBD5DA2B98FC3D00496A44 /* Products */,
			);
			sourceTree = "<group>";
		};
		76DBD5DA2B98FC3D00496A44 /* Products */ = {
			isa = PBXGroup;
			children = (
				76DBD5D92B98FC3D00496A44 /* Practice_20240306.app */,
				76DBD5E92B98FC4000496A44 /* Practice_20240306Tests.xctest */,
				76DBD5F32B98FC4000496A44 /* Practice_20240306UITests.xctest */,
			);
			name = Products;
			sourceTree = "<group>";
		};
		76DBD5DB2B98FC3D00496A44 /* Practice_20240306 */ = {
			isa = PBXGroup;
			children = (
				76DBD5DC2B98FC3D00496A44 /* Practice_20240306App.swift */,
				76DBD5DE2B98FC3D00496A44 /* ContentView.swift */,
				76DBD5E02B98FC3F00496A44 /* Assets.xcassets */,
				76DBD5E22B98FC3F00496A44 /* Preview Content */,
			);
			path = Practice_20240306;
			sourceTree = "<group>";
		};
		76DBD5E22B98FC3F00496A44 /* Preview Content */ = {
			isa = PBXGroup;
			children = (
				76DBD5E32B98FC3F00496A44 /* Preview Assets.xcassets */,
			);
			path = "Preview Content";
			sourceTree = "<group>";
		};
		76DBD5EC2B98FC4000496A44 /* Practice_20240306Tests */ = {
			isa = PBXGroup;
			children = (
				76DBD5ED2B98FC4000496A44 /* Practice_20240306Tests.swift */,
			);
			path = Practice_20240306Tests;
			sourceTree = "<group>";
		};
		76DBD5F62B98FC4000496A44 /* Practice_20240306UITests */ = {
			isa = PBXGroup;
			children = (
				76DBD5F72B98FC4000496A44 /* Practice_20240306UITests.swift */,
				76DBD5F92B98FC4000496A44 /* Practice_20240306UITestsLaunchTests.swift */,
			);
			path = Practice_20240306UITests;
			sourceTree = "<group>";
		};
/* End PBXGroup section */

/* Begin PBXNativeTarget section */
		76DBD5D82B98FC3D00496A44 /* Practice_20240306 */ = {
			isa = PBXNativeTarget;
			buildConfigurationList = 76DBD5FD2B98FC4000496A44 /* Build configuration list for PBXNativeTarget "Practice_20240306" */;
			buildPhases = (
				76DBD5D52B98FC3D00496A44 /* Sources */,
				76DBD5D62B98FC3D00496A44 /* Frameworks */,
				76DBD5D72B98FC3D00496A44 /* Resources */,
			);
			buildRules = (
			);
			dependencies = (
			);
			name = Practice_20240306;
			productName = Practice_20240306;
			productReference = 76DBD5D92B98FC3D00496A44 /* Practice_20240306.app */;
			productType = "com.apple.product-type.application";
		};
		76DBD5E82B98FC4000496A44 /* Practice_20240306Tests */ = {
			isa = PBXNativeTarget;
			buildConfigurationList = 76DBD6002B98FC4000496A44 /* Build configuration list for PBXNativeTarget "Practice_20240306Tests" */;
			buildPhases = (
				76DBD5E52B98FC4000496A44 /* Sources */,
				76DBD5E62B98FC4000496A44 /* Frameworks */,
				76DBD5E72B98FC4000496A44 /* Resources */,
			);
			buildRules = (
			);
			dependencies = (
				76DBD5EB2B98FC4000496A44 /* PBXTargetDependency */,
			);
			name = Practice_20240306Tests;
			productName = Practice_20240306Tests;
			productReference = 76DBD5E92B98FC4000496A44 /* Practice_20240306Tests.xctest */;
			productType = "com.apple.product-type.bundle.unit-test";
		};
		76DBD5F22B98FC4000496A44 /* Practice_20240306UITests */ = {
			isa = PBXNativeTarget;
			buildConfigurationList = 76DBD6032B98FC4000496A44 /* Build configuration list for PBXNativeTarget "Practice_20240306UITests" */;
			buildPhases = (
				76DBD5EF2B98FC4000496A44 /* Sources */,
				76DBD5F02B98FC4000496A44 /* Frameworks */,
				76DBD5F12B98FC4000496A44 /* Resources */,
			);
			buildRules = (
			);
			dependencies = (
				76DBD5F52B98FC4000496A44 /* PBXTargetDependency */,
			);
			name = Practice_20240306UITests;
			productName = Practice_20240306UITests;
			productReference = 76DBD5F32B98FC4000496A44 /* Practice_20240306UITests.xctest */;
			productType = "com.apple.product-type.bundle.ui-testing";
		};
/* End PBXNativeTarget section */

/* Begin PBXProject section */
		76DBD5D12B98FC3D00496A44 /* Project object */ = {
			isa = PBXProject;
			attributes = {
				BuildIndependentTargetsInParallel = 1;
				LastSwiftUpdateCheck = 1530;
				LastUpgradeCheck = 1530;
				TargetAttributes = {
					76DBD5D82B98FC3D00496A44 = {
						CreatedOnToolsVersion = 15.3;
					};
					76DBD5E82B98FC4000496A44 = {
						CreatedOnToolsVersion = 15.3;
						TestTargetID = 76DBD5D82B98FC3D00496A44;
					};
					76DBD5F22B98FC4000496A44 = {
						CreatedOnToolsVersion = 15.3;
						TestTargetID = 76DBD5D82B98FC3D00496A44;
					};
				};
			};
			buildConfigurationList = 76DBD5D42B98FC3D00496A44 /* Build configuration list for PBXProject "Practice_20240306" */;
			compatibilityVersion = "Xcode 14.0";
			developmentRegion = en;
			hasScannedForEncodings = 0;
			knownRegions = (
				en,
				Base,
			);
			mainGroup = 76DBD5D02B98FC3D00496A44;
			productRefGroup = 76DBD5DA2B98FC3D00496A44 /* Products */;
			projectDirPath = "";
			projectRoot = "";
			targets = (
				76DBD5D82B98FC3D00496A44 /* Practice_20240306 */,
				76DBD5E82B98FC4000496A44 /* Practice_20240306Tests */,
				76DBD5F22B98FC4000496A44 /* Practice_20240306UITests */,
			);
		};
/* End PBXProject section */

/* Begin PBXResourcesBuildPhase section */
		76DBD5D72B98FC3D00496A44 /* Resources */ = {
			isa = PBXResourcesBuildPhase;
			buildActionMask = 2147483647;
			files = (
				76DBD5E42B98FC3F00496A44 /* Preview Assets.xcassets in Resources */,
				76DBD5E12B98FC3F00496A44 /* Assets.xcassets in Resources */,
			);
			runOnlyForDeploymentPostprocessing = 0;
		};
		76DBD5E72B98FC4000496A44 /* Resources */ = {
			isa = PBXResourcesBuildPhase;
			buildActionMask = 2147483647;
			files = (
			);
			runOnlyForDeploymentPostprocessing = 0;
		};
		76DBD5F12B98FC4000496A44 /* Resources */ = {
			isa = PBXResourcesBuildPhase;
			buildActionMask = 2147483647;
			files = (
			);
			runOnlyForDeploymentPostprocessing = 0;
		};
/* End PBXResourcesBuildPhase section */

/* Begin PBXSourcesBuildPhase section */
		76DBD5D52B98FC3D00496A44 /* Sources */ = {
			isa = PBXSourcesBuildPhase;
			buildActionMask = 2147483647;
			files = (
				76DBD5DF2B98FC3D00496A44 /* ContentView.swift in Sources */,
				76DBD5DD2B98FC3D00496A44 /* Practice_20240306App.swift in Sources */,
			);
			runOnlyForDeploymentPostprocessing = 0;
		};
		76DBD5E52B98FC4000496A44 /* Sources */ = {
			isa = PBXSourcesBuildPhase;
			buildActionMask = 2147483647;
			files = (
				76DBD5EE2B98FC4000496A44 /* Practice_20240306Tests.swift in Sources */,
			);
			runOnlyForDeploymentPostprocessing = 0;
		};
		76DBD5EF2B98FC4000496A44 /* Sources */ = {
			isa = PBXSourcesBuildPhase;
			buildActionMask = 2147483647;
			files = (
				76DBD5FA2B98FC4000496A44 /* Practice_20240306UITestsLaunchTests.swift in Sources */,
				76DBD5F82B98FC4000496A44 /* Practice_20240306UITests.swift in Sources */,
			);
			runOnlyForDeploymentPostprocessing = 0;
		};
/* End PBXSourcesBuildPhase section */

/* Begin PBXTargetDependency section */
		76DBD5EB2B98FC4000496A44 /* PBXTargetDependency */ = {
			isa = PBXTargetDependency;
			target = 76DBD5D82B98FC3D00496A44 /* Practice_20240306 */;
			targetProxy = 76DBD5EA2B98FC4000496A44 /* PBXContainerItemProxy */;
		};
		76DBD5F52B98FC4000496A44 /* PBXTargetDependency */ = {
			isa = PBXTargetDependency;
			target = 76DBD5D82B98FC3D00496A44 /* Practice_20240306 */;
			targetProxy = 76DBD5F42B98FC4000496A44 /* PBXContainerItemProxy */;
		};
/* End PBXTargetDependency section */

/* Begin XCBuildConfiguration section */
		76DBD5FB2B98FC4000496A44 /* Debug */ = {
			isa = XCBuildConfiguration;
			buildSettings = {
				ALWAYS_SEARCH_USER_PATHS = NO;
				ASSETCATALOG_COMPILER_GENERATE_SWIFT_ASSET_SYMBOL_EXTENSIONS = YES;
				CLANG_ANALYZER_NONNULL = YES;
				CLANG_ANALYZER_NUMBER_OBJECT_CONVERSION = YES_AGGRESSIVE;
				CLANG_CXX_LANGUAGE_STANDARD = "gnu++20";
				CLANG_ENABLE_MODULES = YES;
				CLANG_ENABLE_OBJC_ARC = YES;
				CLANG_ENABLE_OBJC_WEAK = YES;
				CLANG_WARN_BLOCK_CAPTURE_AUTORELEASING = YES;
				CLANG_WARN_BOOL_CONVERSION = YES;
				CLANG_WARN_COMMA = YES;
				CLANG_WARN_CONSTANT_CONVERSION = YES;
				CLANG_WARN_DEPRECATED_OBJC_IMPLEMENTATIONS = YES;
				CLANG_WARN_DIRECT_OBJC_ISA_USAGE = YES_ERROR;
				CLANG_WARN_DOCUMENTATION_COMMENTS = YES;
				CLANG_WARN_EMPTY_BODY = YES;
				CLANG_WARN_ENUM_CONVERSION = YES;
				CLANG_WARN_INFINITE_RECURSION = YES;
				CLANG_WARN_INT_CONVERSION = YES;
				CLANG_WARN_NON_LITERAL_NULL_CONVERSION = YES;
				CLANG_WARN_OBJC_IMPLICIT_RETAIN_SELF = YES;
				CLANG_WARN_OBJC_LITERAL_CONVERSION = YES;
				CLANG_WARN_OBJC_ROOT_CLASS = YES_ERROR;
				CLANG_WARN_QUOTED_INCLUDE_IN_FRAMEWORK_HEADER = YES;
				CLANG_WARN_RANGE_LOOP_ANALYSIS = YES;
				CLANG_WARN_STRICT_PROTOTYPES = YES;
				CLANG_WARN_SUSPICIOUS_MOVE = YES;
				CLANG_WARN_UNGUARDED_AVAILABILITY = YES_AGGRESSIVE;
				CLANG_WARN_UNREACHABLE_CODE = YES;
				CLANG_WARN__DUPLICATE_METHOD_MATCH = YES;
				COPY_PHASE_STRIP = NO;
				DEBUG_INFORMATION_FORMAT = dwarf;
				ENABLE_STRICT_OBJC_MSGSEND = YES;
				ENABLE_TESTABILITY = YES;
				ENABLE_USER_SCRIPT_SANDBOXING = YES;
				GCC_C_LANGUAGE_STANDARD = gnu17;
				GCC_DYNAMIC_NO_PIC = NO;
				GCC_NO_COMMON_BLOCKS = YES;
				GCC_OPTIMIZATION_LEVEL = 0;
				GCC_PREPROCESSOR_DEFINITIONS = (
					"DEBUG=1",
					"$(inherited)",
				);
				GCC_WARN_64_TO_32_BIT_CONVERSION = YES;
				GCC_WARN_ABOUT_RETURN_TYPE = YES_ERROR;
				GCC_WARN_UNDECLARED_SELECTOR = YES;
				GCC_WARN_UNINITIALIZED_AUTOS = YES_AGGRESSIVE;
				GCC_WARN_UNUSED_FUNCTION = YES;
				GCC_WARN_UNUSED_VARIABLE = YES;
				IPHONEOS_DEPLOYMENT_TARGET = 17.4;
				LOCALIZATION_PREFERS_STRING_CATALOGS = YES;
				MTL_ENABLE_DEBUG_INFO = INCLUDE_SOURCE;
				MTL_FAST_MATH = YES;
				ONLY_ACTIVE_ARCH = YES;
				SDKROOT = iphoneos;
				SWIFT_ACTIVE_COMPILATION_CONDITIONS = "DEBUG $(inherited)";
				SWIFT_OPTIMIZATION_LEVEL = "-Onone";
			};
			name = Debug;
		};
		76DBD5FC2B98FC4000496A44 /* Release */ = {
			isa = XCBuildConfiguration;
			buildSettings = {
				ALWAYS_SEARCH_USER_PATHS = NO;
				ASSETCATALOG_COMPILER_GENERATE_SWIFT_ASSET_SYMBOL_EXTENSIONS = YES;
				CLANG_ANALYZER_NONNULL = YES;
				CLANG_ANALYZER_NUMBER_OBJECT_CONVERSION = YES_AGGRESSIVE;
				CLANG_CXX_LANGUAGE_STANDARD = "gnu++20";
				CLANG_ENABLE_MODULES = YES;
				CLANG_ENABLE_OBJC_ARC = YES;
				CLANG_ENABLE_OBJC_WEAK = YES;
				CLANG_WARN_BLOCK_CAPTURE_AUTORELEASING = YES;
				CLANG_WARN_BOOL_CONVERSION = YES;
				CLANG_WARN_COMMA = YES;
				CLANG_WARN_CONSTANT_CONVERSION = YES;
				CLANG_WARN_DEPRECATED_OBJC_IMPLEMENTATIONS = YES;
				CLANG_WARN_DIRECT_OBJC_ISA_USAGE = YES_ERROR;
				CLANG_WARN_DOCUMENTATION_COMMENTS = YES;
				CLANG_WARN_EMPTY_BODY = YES;
				CLANG_WARN_ENUM_CONVERSION = YES;
				CLANG_WARN_INFINITE_RECURSION = YES;
				CLANG_WARN_INT_CONVERSION = YES;
				CLANG_WARN_NON_LITERAL_NULL_CONVERSION = YES;
				CLANG_WARN_OBJC_IMPLICIT_RETAIN_SELF = YES;
				CLANG_WARN_OBJC_LITERAL_CONVERSION = YES;
				CLANG_WARN_OBJC_ROOT_CLASS = YES_ERROR;
				CLANG_WARN_QUOTED_INCLUDE_IN_FRAMEWORK_HEADER = YES;
				CLANG_WARN_RANGE_LOOP_ANALYSIS = YES;
				CLANG_WARN_STRICT_PROTOTYPES = YES;
				CLANG_WARN_SUSPICIOUS_MOVE = YES;
				CLANG_WARN_UNGUARDED_AVAILABILITY = YES_AGGRESSIVE;
				CLANG_WARN_UNREACHABLE_CODE = YES;
				CLANG_WARN__DUPLICATE_METHOD_MATCH = YES;
				COPY_PHASE_STRIP = NO;
				DEBUG_INFORMATION_FORMAT = "dwarf-with-dsym";
				ENABLE_NS_ASSERTIONS = NO;
				ENABLE_STRICT_OBJC_MSGSEND = YES;
				ENABLE_USER_SCRIPT_SANDBOXING = YES;
				GCC_C_LANGUAGE_STANDARD = gnu17;
				GCC_NO_COMMON_BLOCKS = YES;
				GCC_WARN_64_TO_32_BIT_CONVERSION = YES;
				GCC_WARN_ABOUT_RETURN_TYPE = YES_ERROR;
				GCC_WARN_UNDECLARED_SELECTOR = YES;
				GCC_WARN_UNINITIALIZED_AUTOS = YES_AGGRESSIVE;
				GCC_WARN_UNUSED_FUNCTION = YES;
				GCC_WARN_UNUSED_VARIABLE = YES;
				IPHONEOS_DEPLOYMENT_TARGET = 17.4;
				LOCALIZATION_PREFERS_STRING_CATALOGS = YES;
				MTL_ENABLE_DEBUG_INFO = NO;
				MTL_FAST_MATH = YES;
				SDKROOT = iphoneos;
				SWIFT_COMPILATION_MODE = wholemodule;
				VALIDATE_PRODUCT = YES;
			};
			name = Release;
		};
		76DBD5FE2B98FC4000496A44 /* Debug */ = {
			isa = XCBuildConfiguration;
			buildSettings = {
				ASSETCATALOG_COMPILER_APPICON_NAME = AppIcon;
				ASSETCATALOG_COMPILER_GLOBAL_ACCENT_COLOR_NAME = AccentColor;
				CODE_SIGN_STYLE = Automatic;
				CURRENT_PROJECT_VERSION = 1;
				DEVELOPMENT_ASSET_PATHS = "\"Practice_20240306/Preview Content\"";
				ENABLE_PREVIEWS = YES;
				GENERATE_INFOPLIST_FILE = YES;
				INFOPLIST_KEY_UIApplicationSceneManifest_Generation = YES;
				INFOPLIST_KEY_UIApplicationSupportsIndirectInputEvents = YES;
				INFOPLIST_KEY_UILaunchScreen_Generation = YES;
				INFOPLIST_KEY_UISupportedInterfaceOrientations_iPad = "UIInterfaceOrientationPortrait UIInterfaceOrientationPortraitUpsideDown UIInterfaceOrientationLandscapeLeft UIInterfaceOrientationLandscapeRight";
				INFOPLIST_KEY_UISupportedInterfaceOrientations_iPhone = "UIInterfaceOrientationPortrait UIInterfaceOrientationLandscapeLeft UIInterfaceOrientationLandscapeRight";
				LD_RUNPATH_SEARCH_PATHS = (
					"$(inherited)",
					"@executable_path/Frameworks",
				);
				MARKETING_VERSION = 1.0;
				PRODUCT_BUNDLE_IDENTIFIER = "ca.camosun.imd0523704.Practice-20240306";
				PRODUCT_NAME = "$(TARGET_NAME)";
				SWIFT_EMIT_LOC_STRINGS = YES;
				SWIFT_VERSION = 5.0;
				TARGETED_DEVICE_FAMILY = "1,2";
			};
			name = Debug;
		};
		76DBD5FF2B98FC4000496A44 /* Release */ = {
			isa = XCBuildConfiguration;
			buildSettings = {
				ASSETCATALOG_COMPILER_APPICON_NAME = AppIcon;
				ASSETCATALOG_COMPILER_GLOBAL_ACCENT_COLOR_NAME = AccentColor;
				CODE_SIGN_STYLE = Automatic;
				CURRENT_PROJECT_VERSION = 1;
				DEVELOPMENT_ASSET_PATHS = "\"Practice_20240306/Preview Content\"";
				ENABLE_PREVIEWS = YES;
				GENERATE_INFOPLIST_FILE = YES;
				INFOPLIST_KEY_UIApplicationSceneManifest_Generation = YES;
				INFOPLIST_KEY_UIApplicationSupportsIndirectInputEvents = YES;
				INFOPLIST_KEY_UILaunchScreen_Generation = YES;
				INFOPLIST_KEY_UISupportedInterfaceOrientations_iPad = "UIInterfaceOrientationPortrait UIInterfaceOrientationPortraitUpsideDown UIInterfaceOrientationLandscapeLeft UIInterfaceOrientationLandscapeRight";
				INFOPLIST_KEY_UISupportedInterfaceOrientations_iPhone = "UIInterfaceOrientationPortrait UIInterfaceOrientationLandscapeLeft UIInterfaceOrientationLandscapeRight";
				LD_RUNPATH_SEARCH_PATHS = (
					"$(inherited)",
					"@executable_path/Frameworks",
				);
				MARKETING_VERSION = 1.0;
				PRODUCT_BUNDLE_IDENTIFIER = "ca.camosun.imd0523704.Practice-20240306";
				PRODUCT_NAME = "$(TARGET_NAME)";
				SWIFT_EMIT_LOC_STRINGS = YES;
				SWIFT_VERSION = 5.0;
				TARGETED_DEVICE_FAMILY = "1,2";
			};
			name = Release;
		};
		76DBD6012B98FC4000496A44 /* Debug */ = {
			isa = XCBuildConfiguration;
			buildSettings = {
				ALWAYS_EMBED_SWIFT_STANDARD_LIBRARIES = YES;
				BUNDLE_LOADER = "$(TEST_HOST)";
				CODE_SIGN_STYLE = Automatic;
				CURRENT_PROJECT_VERSION = 1;
				GENERATE_INFOPLIST_FILE = YES;
				IPHONEOS_DEPLOYMENT_TARGET = 17.4;
				MARKETING_VERSION = 1.0;
				PRODUCT_BUNDLE_IDENTIFIER = "ca.camosun.imd0523704.Practice-20240306Tests";
				PRODUCT_NAME = "$(TARGET_NAME)";
				SWIFT_EMIT_LOC_STRINGS = NO;
				SWIFT_VERSION = 5.0;
				TARGETED_DEVICE_FAMILY = "1,2";
				TEST_HOST = "$(BUILT_PRODUCTS_DIR)/Practice_20240306.app/$(BUNDLE_EXECUTABLE_FOLDER_PATH)/Practice_20240306";
			};
			name = Debug;
		};
		76DBD6022B98FC4000496A44 /* Release */ = {
			isa = XCBuildConfiguration;
			buildSettings = {
				ALWAYS_EMBED_SWIFT_STANDARD_LIBRARIES = YES;
				BUNDLE_LOADER = "$(TEST_HOST)";
				CODE_SIGN_STYLE = Automatic;
				CURRENT_PROJECT_VERSION = 1;
				GENERATE_INFOPLIST_FILE = YES;
				IPHONEOS_DEPLOYMENT_TARGET = 17.4;
				MARKETING_VERSION = 1.0;
				PRODUCT_BUNDLE_IDENTIFIER = "ca.camosun.imd0523704.Practice-20240306Tests";
				PRODUCT_NAME = "$(TARGET_NAME)";
				SWIFT_EMIT_LOC_STRINGS = NO;
				SWIFT_VERSION = 5.0;
				TARGETED_DEVICE_FAMILY = "1,2";
				TEST_HOST = "$(BUILT_PRODUCTS_DIR)/Practice_20240306.app/$(BUNDLE_EXECUTABLE_FOLDER_PATH)/Practice_20240306";
			};
			name = Release;
		};
		76DBD6042B98FC4000496A44 /* Debug */ = {
			isa = XCBuildConfiguration;
			buildSettings = {
				ALWAYS_EMBED_SWIFT_STANDARD_LIBRARIES = YES;
				CODE_SIGN_STYLE = Automatic;
				CURRENT_PROJECT_VERSION = 1;
				GENERATE_INFOPLIST_FILE = YES;
				MARKETING_VERSION = 1.0;
				PRODUCT_BUNDLE_IDENTIFIER = "ca.camosun.imd0523704.Practice-20240306UITests";
				PRODUCT_NAME = "$(TARGET_NAME)";
				SWIFT_EMIT_LOC_STRINGS = NO;
				SWIFT_VERSION = 5.0;
				TARGETED_DEVICE_FAMILY = "1,2";
				TEST_TARGET_NAME = Practice_20240306;
			};
			name = Debug;
		};
		76DBD6052B98FC4000496A44 /* Release */ = {
			isa = XCBuildConfiguration;
			buildSettings = {
				ALWAYS_EMBED_SWIFT_STANDARD_LIBRARIES = YES;
				CODE_SIGN_STYLE = Automatic;
				CURRENT_PROJECT_VERSION = 1;
				GENERATE_INFOPLIST_FILE = YES;
				MARKETING_VERSION = 1.0;
				PRODUCT_BUNDLE_IDENTIFIER = "ca.camosun.imd0523704.Practice-20240306UITests";
				PRODUCT_NAME = "$(TARGET_NAME)";
				SWIFT_EMIT_LOC_STRINGS = NO;
				SWIFT_VERSION = 5.0;
				TARGETED_DEVICE_FAMILY = "1,2";
				TEST_TARGET_NAME = Practice_20240306;
			};
			name = Release;
		};
/* End XCBuildConfiguration section */

/* Begin XCConfigurationList section */
		76DBD5D42B98FC3D00496A44 /* Build configuration list for PBXProject "Practice_20240306" */ = {
			isa = XCConfigurationList;
			buildConfigurations = (
				76DBD5FB2B98FC4000496A44 /* Debug */,
				76DBD5FC2B98FC4000496A44 /* Release */,
			);
			defaultConfigurationIsVisible = 0;
			defaultConfigurationName = Release;
		};
		76DBD5FD2B98FC4000496A44 /* Build configuration list for PBXNativeTarget "Practice_20240306" */ = {
			isa = XCConfigurationList;
			buildConfigurations = (
				76DBD5FE2B98FC4000496A44 /* Debug */,
				76DBD5FF2B98FC4000496A44 /* Release */,
			);
			defaultConfigurationIsVisible = 0;
			defaultConfigurationName = Release;
		};
		76DBD6002B98FC4000496A44 /* Build configuration list for PBXNativeTarget "Practice_20240306Tests" */ = {
			isa = XCConfigurationList;
			buildConfigurations = (
				76DBD6012B98FC4000496A44 /* Debug */,
				76DBD6022B98FC4000496A44 /* Release */,
			);
			defaultConfigurationIsVisible = 0;
			defaultConfigurationName = Release;
		};
		76DBD6032B98FC4000496A44 /* Build configuration list for PBXNativeTarget "Practice_20240306UITests" */ = {
			isa = XCConfigurationList;
			buildConfigurations = (
				76DBD6042B98FC4000496A44 /* Debug */,
				76DBD6052B98FC4000496A44 /* Release */,
			);
			defaultConfigurationIsVisible = 0;
			defaultConfigurationName = Release;
		};
/* End XCConfigurationList section */
	};
	rootObject = 76DBD5D12B98FC3D00496A44 /* Project object */;
}
