// !$*UTF8*$!
{
	archiveVersion = 1;
	classes = {
	};
	objectVersion = 56;
	objects = {

/* Begin PBXBuildFile section */
		76BFAE112BC9D200002A3FBE /* Final_revApp.swift in Sources */ = {isa = PBXBuildFile; fileRef = 76BFAE102BC9D200002A3FBE /* Final_revApp.swift */; };
		76BFAE132BC9D200002A3FBE /* MainView.swift in Sources */ = {isa = PBXBuildFile; fileRef = 76BFAE122BC9D200002A3FBE /* MainView.swift */; };
		76BFAE152BC9D202002A3FBE /* Assets.xcassets in Resources */ = {isa = PBXBuildFile; fileRef = 76BFAE142BC9D202002A3FBE /* Assets.xcassets */; };
		76BFAE182BC9D202002A3FBE /* Preview Assets.xcassets in Resources */ = {isa = PBXBuildFile; fileRef = 76BFAE172BC9D202002A3FBE /* Preview Assets.xcassets */; };
		76BFAE222BC9D203002A3FBE /* Final_revTests.swift in Sources */ = {isa = PBXBuildFile; fileRef = 76BFAE212BC9D203002A3FBE /* Final_revTests.swift */; };
		76BFAE2C2BC9D203002A3FBE /* Final_revUITests.swift in Sources */ = {isa = PBXBuildFile; fileRef = 76BFAE2B2BC9D203002A3FBE /* Final_revUITests.swift */; };
		76BFAE2E2BC9D203002A3FBE /* Final_revUITestsLaunchTests.swift in Sources */ = {isa = PBXBuildFile; fileRef = 76BFAE2D2BC9D203002A3FBE /* Final_revUITestsLaunchTests.swift */; };
		76BFAE3B2BC9D23B002A3FBE /* Settings.swift in Sources */ = {isa = PBXBuildFile; fileRef = 76BFAE3A2BC9D23B002A3FBE /* Settings.swift */; };
		76BFAE3D2BC9D287002A3FBE /* Play.swift in Sources */ = {isa = PBXBuildFile; fileRef = 76BFAE3C2BC9D287002A3FBE /* Play.swift */; };
		76BFAE3F2BC9D63E002A3FBE /* RowView.swift in Sources */ = {isa = PBXBuildFile; fileRef = 76BFAE3E2BC9D63E002A3FBE /* RowView.swift */; };
/* End PBXBuildFile section */

/* Begin PBXContainerItemProxy section */
		76BFAE1E2BC9D203002A3FBE /* PBXContainerItemProxy */ = {
			isa = PBXContainerItemProxy;
			containerPortal = 76BFAE052BC9D200002A3FBE /* Project object */;
			proxyType = 1;
			remoteGlobalIDString = 76BFAE0C2BC9D200002A3FBE;
			remoteInfo = Final_rev;
		};
		76BFAE282BC9D203002A3FBE /* PBXContainerItemProxy */ = {
			isa = PBXContainerItemProxy;
			containerPortal = 76BFAE052BC9D200002A3FBE /* Project object */;
			proxyType = 1;
			remoteGlobalIDString = 76BFAE0C2BC9D200002A3FBE;
			remoteInfo = Final_rev;
		};
/* End PBXContainerItemProxy section */

/* Begin PBXFileReference section */
		76BFAE0D2BC9D200002A3FBE /* Final_rev.app */ = {isa = PBXFileReference; explicitFileType = wrapper.application; includeInIndex = 0; path = Final_rev.app; sourceTree = BUILT_PRODUCTS_DIR; };
		76BFAE102BC9D200002A3FBE /* Final_revApp.swift */ = {isa = PBXFileReference; lastKnownFileType = sourcecode.swift; path = Final_revApp.swift; sourceTree = "<group>"; };
		76BFAE122BC9D200002A3FBE /* MainView.swift */ = {isa = PBXFileReference; lastKnownFileType = sourcecode.swift; path = MainView.swift; sourceTree = "<group>"; };
		76BFAE142BC9D202002A3FBE /* Assets.xcassets */ = {isa = PBXFileReference; lastKnownFileType = folder.assetcatalog; path = Assets.xcassets; sourceTree = "<group>"; };
		76BFAE172BC9D202002A3FBE /* Preview Assets.xcassets */ = {isa = PBXFileReference; lastKnownFileType = folder.assetcatalog; path = "Preview Assets.xcassets"; sourceTree = "<group>"; };
		76BFAE1D2BC9D203002A3FBE /* Final_revTests.xctest */ = {isa = PBXFileReference; explicitFileType = wrapper.cfbundle; includeInIndex = 0; path = Final_revTests.xctest; sourceTree = BUILT_PRODUCTS_DIR; };
		76BFAE212BC9D203002A3FBE /* Final_revTests.swift */ = {isa = PBXFileReference; lastKnownFileType = sourcecode.swift; path = Final_revTests.swift; sourceTree = "<group>"; };
		76BFAE272BC9D203002A3FBE /* Final_revUITests.xctest */ = {isa = PBXFileReference; explicitFileType = wrapper.cfbundle; includeInIndex = 0; path = Final_revUITests.xctest; sourceTree = BUILT_PRODUCTS_DIR; };
		76BFAE2B2BC9D203002A3FBE /* Final_revUITests.swift */ = {isa = PBXFileReference; lastKnownFileType = sourcecode.swift; path = Final_revUITests.swift; sourceTree = "<group>"; };
		76BFAE2D2BC9D203002A3FBE /* Final_revUITestsLaunchTests.swift */ = {isa = PBXFileReference; lastKnownFileType = sourcecode.swift; path = Final_revUITestsLaunchTests.swift; sourceTree = "<group>"; };
		76BFAE3A2BC9D23B002A3FBE /* Settings.swift */ = {isa = PBXFileReference; lastKnownFileType = sourcecode.swift; path = Settings.swift; sourceTree = "<group>"; };
		76BFAE3C2BC9D287002A3FBE /* Play.swift */ = {isa = PBXFileReference; lastKnownFileType = sourcecode.swift; path = Play.swift; sourceTree = "<group>"; };
		76BFAE3E2BC9D63E002A3FBE /* RowView.swift */ = {isa = PBXFileReference; lastKnownFileType = sourcecode.swift; path = RowView.swift; sourceTree = "<group>"; };
/* End PBXFileReference section */

/* Begin PBXFrameworksBuildPhase section */
		76BFAE0A2BC9D200002A3FBE /* Frameworks */ = {
			isa = PBXFrameworksBuildPhase;
			buildActionMask = 2147483647;
			files = (
			);
			runOnlyForDeploymentPostprocessing = 0;
		};
		76BFAE1A2BC9D203002A3FBE /* Frameworks */ = {
			isa = PBXFrameworksBuildPhase;
			buildActionMask = 2147483647;
			files = (
			);
			runOnlyForDeploymentPostprocessing = 0;
		};
		76BFAE242BC9D203002A3FBE /* Frameworks */ = {
			isa = PBXFrameworksBuildPhase;
			buildActionMask = 2147483647;
			files = (
			);
			runOnlyForDeploymentPostprocessing = 0;
		};
/* End PBXFrameworksBuildPhase section */

/* Begin PBXGroup section */
		76BFAE042BC9D200002A3FBE = {
			isa = PBXGroup;
			children = (
				76BFAE0F2BC9D200002A3FBE /* Final_rev */,
				76BFAE202BC9D203002A3FBE /* Final_revTests */,
				76BFAE2A2BC9D203002A3FBE /* Final_revUITests */,
				76BFAE0E2BC9D200002A3FBE /* Products */,
			);
			sourceTree = "<group>";
		};
		76BFAE0E2BC9D200002A3FBE /* Products */ = {
			isa = PBXGroup;
			children = (
				76BFAE0D2BC9D200002A3FBE /* Final_rev.app */,
				76BFAE1D2BC9D203002A3FBE /* Final_revTests.xctest */,
				76BFAE272BC9D203002A3FBE /* Final_revUITests.xctest */,
			);
			name = Products;
			sourceTree = "<group>";
		};
		76BFAE0F2BC9D200002A3FBE /* Final_rev */ = {
			isa = PBXGroup;
			children = (
				76BFAE102BC9D200002A3FBE /* Final_revApp.swift */,
				76BFAE122BC9D200002A3FBE /* MainView.swift */,
				76BFAE3A2BC9D23B002A3FBE /* Settings.swift */,
				76BFAE3C2BC9D287002A3FBE /* Play.swift */,
				76BFAE3E2BC9D63E002A3FBE /* RowView.swift */,
				76BFAE142BC9D202002A3FBE /* Assets.xcassets */,
				76BFAE162BC9D202002A3FBE /* Preview Content */,
			);
			path = Final_rev;
			sourceTree = "<group>";
		};
		76BFAE162BC9D202002A3FBE /* Preview Content */ = {
			isa = PBXGroup;
			children = (
				76BFAE172BC9D202002A3FBE /* Preview Assets.xcassets */,
			);
			path = "Preview Content";
			sourceTree = "<group>";
		};
		76BFAE202BC9D203002A3FBE /* Final_revTests */ = {
			isa = PBXGroup;
			children = (
				76BFAE212BC9D203002A3FBE /* Final_revTests.swift */,
			);
			path = Final_revTests;
			sourceTree = "<group>";
		};
		76BFAE2A2BC9D203002A3FBE /* Final_revUITests */ = {
			isa = PBXGroup;
			children = (
				76BFAE2B2BC9D203002A3FBE /* Final_revUITests.swift */,
				76BFAE2D2BC9D203002A3FBE /* Final_revUITestsLaunchTests.swift */,
			);
			path = Final_revUITests;
			sourceTree = "<group>";
		};
/* End PBXGroup section */

/* Begin PBXNativeTarget section */
		76BFAE0C2BC9D200002A3FBE /* Final_rev */ = {
			isa = PBXNativeTarget;
			buildConfigurationList = 76BFAE312BC9D203002A3FBE /* Build configuration list for PBXNativeTarget "Final_rev" */;
			buildPhases = (
				76BFAE092BC9D200002A3FBE /* Sources */,
				76BFAE0A2BC9D200002A3FBE /* Frameworks */,
				76BFAE0B2BC9D200002A3FBE /* Resources */,
			);
			buildRules = (
			);
			dependencies = (
			);
			name = Final_rev;
			productName = Final_rev;
			productReference = 76BFAE0D2BC9D200002A3FBE /* Final_rev.app */;
			productType = "com.apple.product-type.application";
		};
		76BFAE1C2BC9D203002A3FBE /* Final_revTests */ = {
			isa = PBXNativeTarget;
			buildConfigurationList = 76BFAE342BC9D203002A3FBE /* Build configuration list for PBXNativeTarget "Final_revTests" */;
			buildPhases = (
				76BFAE192BC9D203002A3FBE /* Sources */,
				76BFAE1A2BC9D203002A3FBE /* Frameworks */,
				76BFAE1B2BC9D203002A3FBE /* Resources */,
			);
			buildRules = (
			);
			dependencies = (
				76BFAE1F2BC9D203002A3FBE /* PBXTargetDependency */,
			);
			name = Final_revTests;
			productName = Final_revTests;
			productReference = 76BFAE1D2BC9D203002A3FBE /* Final_revTests.xctest */;
			productType = "com.apple.product-type.bundle.unit-test";
		};
		76BFAE262BC9D203002A3FBE /* Final_revUITests */ = {
			isa = PBXNativeTarget;
			buildConfigurationList = 76BFAE372BC9D203002A3FBE /* Build configuration list for PBXNativeTarget "Final_revUITests" */;
			buildPhases = (
				76BFAE232BC9D203002A3FBE /* Sources */,
				76BFAE242BC9D203002A3FBE /* Frameworks */,
				76BFAE252BC9D203002A3FBE /* Resources */,
			);
			buildRules = (
			);
			dependencies = (
				76BFAE292BC9D203002A3FBE /* PBXTargetDependency */,
			);
			name = Final_revUITests;
			productName = Final_revUITests;
			productReference = 76BFAE272BC9D203002A3FBE /* Final_revUITests.xctest */;
			productType = "com.apple.product-type.bundle.ui-testing";
		};
/* End PBXNativeTarget section */

/* Begin PBXProject section */
		76BFAE052BC9D200002A3FBE /* Project object */ = {
			isa = PBXProject;
			attributes = {
				BuildIndependentTargetsInParallel = 1;
				LastSwiftUpdateCheck = 1530;
				LastUpgradeCheck = 1530;
				TargetAttributes = {
					76BFAE0C2BC9D200002A3FBE = {
						CreatedOnToolsVersion = 15.3;
					};
					76BFAE1C2BC9D203002A3FBE = {
						CreatedOnToolsVersion = 15.3;
						TestTargetID = 76BFAE0C2BC9D200002A3FBE;
					};
					76BFAE262BC9D203002A3FBE = {
						CreatedOnToolsVersion = 15.3;
						TestTargetID = 76BFAE0C2BC9D200002A3FBE;
					};
				};
			};
			buildConfigurationList = 76BFAE082BC9D200002A3FBE /* Build configuration list for PBXProject "Final_rev" */;
			compatibilityVersion = "Xcode 14.0";
			developmentRegion = en;
			hasScannedForEncodings = 0;
			knownRegions = (
				en,
				Base,
			);
			mainGroup = 76BFAE042BC9D200002A3FBE;
			productRefGroup = 76BFAE0E2BC9D200002A3FBE /* Products */;
			projectDirPath = "";
			projectRoot = "";
			targets = (
				76BFAE0C2BC9D200002A3FBE /* Final_rev */,
				76BFAE1C2BC9D203002A3FBE /* Final_revTests */,
				76BFAE262BC9D203002A3FBE /* Final_revUITests */,
			);
		};
/* End PBXProject section */

/* Begin PBXResourcesBuildPhase section */
		76BFAE0B2BC9D200002A3FBE /* Resources */ = {
			isa = PBXResourcesBuildPhase;
			buildActionMask = 2147483647;
			files = (
				76BFAE182BC9D202002A3FBE /* Preview Assets.xcassets in Resources */,
				76BFAE152BC9D202002A3FBE /* Assets.xcassets in Resources */,
			);
			runOnlyForDeploymentPostprocessing = 0;
		};
		76BFAE1B2BC9D203002A3FBE /* Resources */ = {
			isa = PBXResourcesBuildPhase;
			buildActionMask = 2147483647;
			files = (
			);
			runOnlyForDeploymentPostprocessing = 0;
		};
		76BFAE252BC9D203002A3FBE /* Resources */ = {
			isa = PBXResourcesBuildPhase;
			buildActionMask = 2147483647;
			files = (
			);
			runOnlyForDeploymentPostprocessing = 0;
		};
/* End PBXResourcesBuildPhase section */

/* Begin PBXSourcesBuildPhase section */
		76BFAE092BC9D200002A3FBE /* Sources */ = {
			isa = PBXSourcesBuildPhase;
			buildActionMask = 2147483647;
			files = (
				76BFAE3B2BC9D23B002A3FBE /* Settings.swift in Sources */,
				76BFAE3F2BC9D63E002A3FBE /* RowView.swift in Sources */,
				76BFAE132BC9D200002A3FBE /* MainView.swift in Sources */,
				76BFAE112BC9D200002A3FBE /* Final_revApp.swift in Sources */,
				76BFAE3D2BC9D287002A3FBE /* Play.swift in Sources */,
			);
			runOnlyForDeploymentPostprocessing = 0;
		};
		76BFAE192BC9D203002A3FBE /* Sources */ = {
			isa = PBXSourcesBuildPhase;
			buildActionMask = 2147483647;
			files = (
				76BFAE222BC9D203002A3FBE /* Final_revTests.swift in Sources */,
			);
			runOnlyForDeploymentPostprocessing = 0;
		};
		76BFAE232BC9D203002A3FBE /* Sources */ = {
			isa = PBXSourcesBuildPhase;
			buildActionMask = 2147483647;
			files = (
				76BFAE2C2BC9D203002A3FBE /* Final_revUITests.swift in Sources */,
				76BFAE2E2BC9D203002A3FBE /* Final_revUITestsLaunchTests.swift in Sources */,
			);
			runOnlyForDeploymentPostprocessing = 0;
		};
/* End PBXSourcesBuildPhase section */

/* Begin PBXTargetDependency section */
		76BFAE1F2BC9D203002A3FBE /* PBXTargetDependency */ = {
			isa = PBXTargetDependency;
			target = 76BFAE0C2BC9D200002A3FBE /* Final_rev */;
			targetProxy = 76BFAE1E2BC9D203002A3FBE /* PBXContainerItemProxy */;
		};
		76BFAE292BC9D203002A3FBE /* PBXTargetDependency */ = {
			isa = PBXTargetDependency;
			target = 76BFAE0C2BC9D200002A3FBE /* Final_rev */;
			targetProxy = 76BFAE282BC9D203002A3FBE /* PBXContainerItemProxy */;
		};
/* End PBXTargetDependency section */

/* Begin XCBuildConfiguration section */
		76BFAE2F2BC9D203002A3FBE /* Debug */ = {
			isa = XCBuildConfiguration;
			buildSettings = {
				ALWAYS_SEARCH_USER_PATHS = NO;
				ASSETCATALOG_COMPILER_GENERATE_SWIFT_ASSET_SYMBOL_EXTENSIONS = YES;
				CLANG_ANALYZER_NONNULL = YES;
				CLANG_ANALYZER_NUMBER_OBJECT_CONVERSION = YES_AGGRESSIVE;
				CLANG_CXX_LANGUAGE_STANDARD = "gnu++20";
				CLANG_ENABLE_MODULES = YES;
				CLANG_ENABLE_OBJC_ARC = YES;
				CLANG_ENABLE_OBJC_WEAK = YES;
				CLANG_WARN_BLOCK_CAPTURE_AUTORELEASING = YES;
				CLANG_WARN_BOOL_CONVERSION = YES;
				CLANG_WARN_COMMA = YES;
				CLANG_WARN_CONSTANT_CONVERSION = YES;
				CLANG_WARN_DEPRECATED_OBJC_IMPLEMENTATIONS = YES;
				CLANG_WARN_DIRECT_OBJC_ISA_USAGE = YES_ERROR;
				CLANG_WARN_DOCUMENTATION_COMMENTS = YES;
				CLANG_WARN_EMPTY_BODY = YES;
				CLANG_WARN_ENUM_CONVERSION = YES;
				CLANG_WARN_INFINITE_RECURSION = YES;
				CLANG_WARN_INT_CONVERSION = YES;
				CLANG_WARN_NON_LITERAL_NULL_CONVERSION = YES;
				CLANG_WARN_OBJC_IMPLICIT_RETAIN_SELF = YES;
				CLANG_WARN_OBJC_LITERAL_CONVERSION = YES;
				CLANG_WARN_OBJC_ROOT_CLASS = YES_ERROR;
				CLANG_WARN_QUOTED_INCLUDE_IN_FRAMEWORK_HEADER = YES;
				CLANG_WARN_RANGE_LOOP_ANALYSIS = YES;
				CLANG_WARN_STRICT_PROTOTYPES = YES;
				CLANG_WARN_SUSPICIOUS_MOVE = YES;
				CLANG_WARN_UNGUARDED_AVAILABILITY = YES_AGGRESSIVE;
				CLANG_WARN_UNREACHABLE_CODE = YES;
				CLANG_WARN__DUPLICATE_METHOD_MATCH = YES;
				COPY_PHASE_STRIP = NO;
				DEBUG_INFORMATION_FORMAT = dwarf;
				ENABLE_STRICT_OBJC_MSGSEND = YES;
				ENABLE_TESTABILITY = YES;
				ENABLE_USER_SCRIPT_SANDBOXING = YES;
				GCC_C_LANGUAGE_STANDARD = gnu17;
				GCC_DYNAMIC_NO_PIC = NO;
				GCC_NO_COMMON_BLOCKS = YES;
				GCC_OPTIMIZATION_LEVEL = 0;
				GCC_PREPROCESSOR_DEFINITIONS = (
					"DEBUG=1",
					"$(inherited)",
				);
				GCC_WARN_64_TO_32_BIT_CONVERSION = YES;
				GCC_WARN_ABOUT_RETURN_TYPE = YES_ERROR;
				GCC_WARN_UNDECLARED_SELECTOR = YES;
				GCC_WARN_UNINITIALIZED_AUTOS = YES_AGGRESSIVE;
				GCC_WARN_UNUSED_FUNCTION = YES;
				GCC_WARN_UNUSED_VARIABLE = YES;
				IPHONEOS_DEPLOYMENT_TARGET = 17.4;
				LOCALIZATION_PREFERS_STRING_CATALOGS = YES;
				MTL_ENABLE_DEBUG_INFO = INCLUDE_SOURCE;
				MTL_FAST_MATH = YES;
				ONLY_ACTIVE_ARCH = YES;
				SDKROOT = iphoneos;
				SWIFT_ACTIVE_COMPILATION_CONDITIONS = "DEBUG $(inherited)";
				SWIFT_OPTIMIZATION_LEVEL = "-Onone";
			};
			name = Debug;
		};
		76BFAE302BC9D203002A3FBE /* Release */ = {
			isa = XCBuildConfiguration;
			buildSettings = {
				ALWAYS_SEARCH_USER_PATHS = NO;
				ASSETCATALOG_COMPILER_GENERATE_SWIFT_ASSET_SYMBOL_EXTENSIONS = YES;
				CLANG_ANALYZER_NONNULL = YES;
				CLANG_ANALYZER_NUMBER_OBJECT_CONVERSION = YES_AGGRESSIVE;
				CLANG_CXX_LANGUAGE_STANDARD = "gnu++20";
				CLANG_ENABLE_MODULES = YES;
				CLANG_ENABLE_OBJC_ARC = YES;
				CLANG_ENABLE_OBJC_WEAK = YES;
				CLANG_WARN_BLOCK_CAPTURE_AUTORELEASING = YES;
				CLANG_WARN_BOOL_CONVERSION = YES;
				CLANG_WARN_COMMA = YES;
				CLANG_WARN_CONSTANT_CONVERSION = YES;
				CLANG_WARN_DEPRECATED_OBJC_IMPLEMENTATIONS = YES;
				CLANG_WARN_DIRECT_OBJC_ISA_USAGE = YES_ERROR;
				CLANG_WARN_DOCUMENTATION_COMMENTS = YES;
				CLANG_WARN_EMPTY_BODY = YES;
				CLANG_WARN_ENUM_CONVERSION = YES;
				CLANG_WARN_INFINITE_RECURSION = YES;
				CLANG_WARN_INT_CONVERSION = YES;
				CLANG_WARN_NON_LITERAL_NULL_CONVERSION = YES;
				CLANG_WARN_OBJC_IMPLICIT_RETAIN_SELF = YES;
				CLANG_WARN_OBJC_LITERAL_CONVERSION = YES;
				CLANG_WARN_OBJC_ROOT_CLASS = YES_ERROR;
				CLANG_WARN_QUOTED_INCLUDE_IN_FRAMEWORK_HEADER = YES;
				CLANG_WARN_RANGE_LOOP_ANALYSIS = YES;
				CLANG_WARN_STRICT_PROTOTYPES = YES;
				CLANG_WARN_SUSPICIOUS_MOVE = YES;
				CLANG_WARN_UNGUARDED_AVAILABILITY = YES_AGGRESSIVE;
				CLANG_WARN_UNREACHABLE_CODE = YES;
				CLANG_WARN__DUPLICATE_METHOD_MATCH = YES;
				COPY_PHASE_STRIP = NO;
				DEBUG_INFORMATION_FORMAT = "dwarf-with-dsym";
				ENABLE_NS_ASSERTIONS = NO;
				ENABLE_STRICT_OBJC_MSGSEND = YES;
				ENABLE_USER_SCRIPT_SANDBOXING = YES;
				GCC_C_LANGUAGE_STANDARD = gnu17;
				GCC_NO_COMMON_BLOCKS = YES;
				GCC_WARN_64_TO_32_BIT_CONVERSION = YES;
				GCC_WARN_ABOUT_RETURN_TYPE = YES_ERROR;
				GCC_WARN_UNDECLARED_SELECTOR = YES;
				GCC_WARN_UNINITIALIZED_AUTOS = YES_AGGRESSIVE;
				GCC_WARN_UNUSED_FUNCTION = YES;
				GCC_WARN_UNUSED_VARIABLE = YES;
				IPHONEOS_DEPLOYMENT_TARGET = 17.4;
				LOCALIZATION_PREFERS_STRING_CATALOGS = YES;
				MTL_ENABLE_DEBUG_INFO = NO;
				MTL_FAST_MATH = YES;
				SDKROOT = iphoneos;
				SWIFT_COMPILATION_MODE = wholemodule;
				VALIDATE_PRODUCT = YES;
			};
			name = Release;
		};
		76BFAE322BC9D203002A3FBE /* Debug */ = {
			isa = XCBuildConfiguration;
			buildSettings = {
				ASSETCATALOG_COMPILER_APPICON_NAME = AppIcon;
				ASSETCATALOG_COMPILER_GLOBAL_ACCENT_COLOR_NAME = AccentColor;
				CODE_SIGN_STYLE = Automatic;
				CURRENT_PROJECT_VERSION = 1;
				DEVELOPMENT_ASSET_PATHS = "\"Final_rev/Preview Content\"";
				DEVELOPMENT_TEAM = QL49J9MX62;
				ENABLE_PREVIEWS = YES;
				GENERATE_INFOPLIST_FILE = YES;
				INFOPLIST_KEY_UIApplicationSceneManifest_Generation = YES;
				INFOPLIST_KEY_UIApplicationSupportsIndirectInputEvents = YES;
				INFOPLIST_KEY_UILaunchScreen_Generation = YES;
				INFOPLIST_KEY_UISupportedInterfaceOrientations_iPad = "UIInterfaceOrientationPortrait UIInterfaceOrientationPortraitUpsideDown UIInterfaceOrientationLandscapeLeft UIInterfaceOrientationLandscapeRight";
				INFOPLIST_KEY_UISupportedInterfaceOrientations_iPhone = "UIInterfaceOrientationPortrait UIInterfaceOrientationLandscapeLeft UIInterfaceOrientationLandscapeRight";
				LD_RUNPATH_SEARCH_PATHS = (
					"$(inherited)",
					"@executable_path/Frameworks",
				);
				MARKETING_VERSION = 1.0;
				PRODUCT_BUNDLE_IDENTIFIER = "ca.camosun.imd0523704.Final-rev";
				PRODUCT_NAME = "$(TARGET_NAME)";
				SWIFT_EMIT_LOC_STRINGS = YES;
				SWIFT_VERSION = 5.0;
				TARGETED_DEVICE_FAMILY = "1,2";
			};
			name = Debug;
		};
		76BFAE332BC9D203002A3FBE /* Release */ = {
			isa = XCBuildConfiguration;
			buildSettings = {
				ASSETCATALOG_COMPILER_APPICON_NAME = AppIcon;
				ASSETCATALOG_COMPILER_GLOBAL_ACCENT_COLOR_NAME = AccentColor;
				CODE_SIGN_STYLE = Automatic;
				CURRENT_PROJECT_VERSION = 1;
				DEVELOPMENT_ASSET_PATHS = "\"Final_rev/Preview Content\"";
				DEVELOPMENT_TEAM = QL49J9MX62;
				ENABLE_PREVIEWS = YES;
				GENERATE_INFOPLIST_FILE = YES;
				INFOPLIST_KEY_UIApplicationSceneManifest_Generation = YES;
				INFOPLIST_KEY_UIApplicationSupportsIndirectInputEvents = YES;
				INFOPLIST_KEY_UILaunchScreen_Generation = YES;
				INFOPLIST_KEY_UISupportedInterfaceOrientations_iPad = "UIInterfaceOrientationPortrait UIInterfaceOrientationPortraitUpsideDown UIInterfaceOrientationLandscapeLeft UIInterfaceOrientationLandscapeRight";
				INFOPLIST_KEY_UISupportedInterfaceOrientations_iPhone = "UIInterfaceOrientationPortrait UIInterfaceOrientationLandscapeLeft UIInterfaceOrientationLandscapeRight";
				LD_RUNPATH_SEARCH_PATHS = (
					"$(inherited)",
					"@executable_path/Frameworks",
				);
				MARKETING_VERSION = 1.0;
				PRODUCT_BUNDLE_IDENTIFIER = "ca.camosun.imd0523704.Final-rev";
				PRODUCT_NAME = "$(TARGET_NAME)";
				SWIFT_EMIT_LOC_STRINGS = YES;
				SWIFT_VERSION = 5.0;
				TARGETED_DEVICE_FAMILY = "1,2";
			};
			name = Release;
		};
		76BFAE352BC9D203002A3FBE /* Debug */ = {
			isa = XCBuildConfiguration;
			buildSettings = {
				ALWAYS_EMBED_SWIFT_STANDARD_LIBRARIES = YES;
				BUNDLE_LOADER = "$(TEST_HOST)";
				CODE_SIGN_STYLE = Automatic;
				CURRENT_PROJECT_VERSION = 1;
				DEVELOPMENT_TEAM = QL49J9MX62;
				GENERATE_INFOPLIST_FILE = YES;
				IPHONEOS_DEPLOYMENT_TARGET = 17.4;
				MARKETING_VERSION = 1.0;
				PRODUCT_BUNDLE_IDENTIFIER = "ca.camosun.imd0523704.Final-revTests";
				PRODUCT_NAME = "$(TARGET_NAME)";
				SWIFT_EMIT_LOC_STRINGS = NO;
				SWIFT_VERSION = 5.0;
				TARGETED_DEVICE_FAMILY = "1,2";
				TEST_HOST = "$(BUILT_PRODUCTS_DIR)/Final_rev.app/$(BUNDLE_EXECUTABLE_FOLDER_PATH)/Final_rev";
			};
			name = Debug;
		};
		76BFAE362BC9D203002A3FBE /* Release */ = {
			isa = XCBuildConfiguration;
			buildSettings = {
				ALWAYS_EMBED_SWIFT_STANDARD_LIBRARIES = YES;
				BUNDLE_LOADER = "$(TEST_HOST)";
				CODE_SIGN_STYLE = Automatic;
				CURRENT_PROJECT_VERSION = 1;
				DEVELOPMENT_TEAM = QL49J9MX62;
				GENERATE_INFOPLIST_FILE = YES;
				IPHONEOS_DEPLOYMENT_TARGET = 17.4;
				MARKETING_VERSION = 1.0;
				PRODUCT_BUNDLE_IDENTIFIER = "ca.camosun.imd0523704.Final-revTests";
				PRODUCT_NAME = "$(TARGET_NAME)";
				SWIFT_EMIT_LOC_STRINGS = NO;
				SWIFT_VERSION = 5.0;
				TARGETED_DEVICE_FAMILY = "1,2";
				TEST_HOST = "$(BUILT_PRODUCTS_DIR)/Final_rev.app/$(BUNDLE_EXECUTABLE_FOLDER_PATH)/Final_rev";
			};
			name = Release;
		};
		76BFAE382BC9D203002A3FBE /* Debug */ = {
			isa = XCBuildConfiguration;
			buildSettings = {
				ALWAYS_EMBED_SWIFT_STANDARD_LIBRARIES = YES;
				CODE_SIGN_STYLE = Automatic;
				CURRENT_PROJECT_VERSION = 1;
				DEVELOPMENT_TEAM = QL49J9MX62;
				GENERATE_INFOPLIST_FILE = YES;
				MARKETING_VERSION = 1.0;
				PRODUCT_BUNDLE_IDENTIFIER = "ca.camosun.imd0523704.Final-revUITests";
				PRODUCT_NAME = "$(TARGET_NAME)";
				SWIFT_EMIT_LOC_STRINGS = NO;
				SWIFT_VERSION = 5.0;
				TARGETED_DEVICE_FAMILY = "1,2";
				TEST_TARGET_NAME = Final_rev;
			};
			name = Debug;
		};
		76BFAE392BC9D203002A3FBE /* Release */ = {
			isa = XCBuildConfiguration;
			buildSettings = {
				ALWAYS_EMBED_SWIFT_STANDARD_LIBRARIES = YES;
				CODE_SIGN_STYLE = Automatic;
				CURRENT_PROJECT_VERSION = 1;
				DEVELOPMENT_TEAM = QL49J9MX62;
				GENERATE_INFOPLIST_FILE = YES;
				MARKETING_VERSION = 1.0;
				PRODUCT_BUNDLE_IDENTIFIER = "ca.camosun.imd0523704.Final-revUITests";
				PRODUCT_NAME = "$(TARGET_NAME)";
				SWIFT_EMIT_LOC_STRINGS = NO;
				SWIFT_VERSION = 5.0;
				TARGETED_DEVICE_FAMILY = "1,2";
				TEST_TARGET_NAME = Final_rev;
			};
			name = Release;
		};
/* End XCBuildConfiguration section */

/* Begin XCConfigurationList section */
		76BFAE082BC9D200002A3FBE /* Build configuration list for PBXProject "Final_rev" */ = {
			isa = XCConfigurationList;
			buildConfigurations = (
				76BFAE2F2BC9D203002A3FBE /* Debug */,
				76BFAE302BC9D203002A3FBE /* Release */,
			);
			defaultConfigurationIsVisible = 0;
			defaultConfigurationName = Release;
		};
		76BFAE312BC9D203002A3FBE /* Build configuration list for PBXNativeTarget "Final_rev" */ = {
			isa = XCConfigurationList;
			buildConfigurations = (
				76BFAE322BC9D203002A3FBE /* Debug */,
				76BFAE332BC9D203002A3FBE /* Release */,
			);
			defaultConfigurationIsVisible = 0;
			defaultConfigurationName = Release;
		};
		76BFAE342BC9D203002A3FBE /* Build configuration list for PBXNativeTarget "Final_revTests" */ = {
			isa = XCConfigurationList;
			buildConfigurations = (
				76BFAE352BC9D203002A3FBE /* Debug */,
				76BFAE362BC9D203002A3FBE /* Release */,
			);
			defaultConfigurationIsVisible = 0;
			defaultConfigurationName = Release;
		};
		76BFAE372BC9D203002A3FBE /* Build configuration list for PBXNativeTarget "Final_revUITests" */ = {
			isa = XCConfigurationList;
			buildConfigurations = (
				76BFAE382BC9D203002A3FBE /* Debug */,
				76BFAE392BC9D203002A3FBE /* Release */,
			);
			defaultConfigurationIsVisible = 0;
			defaultConfigurationName = Release;
		};
/* End XCConfigurationList section */
	};
	rootObject = 76BFAE052BC9D200002A3FBE /* Project object */;
}
